
Microsoft Visual Studio Solution File, Format Version 12.00
# Visual Studio Version 16
VisualStudioVersion = 16.0.30804.86
MinimumVisualStudioVersion = 10.0.40219.1
Project("{FAE04EC0-301F-11D3-BF4B-00C04F79EFBC}") = "DoanBuiQuangVinh_5951071122", "DoanBuiQuangVinh_5951071122.csproj", "{CE87D580-5FF2-4DE4-8C50-E0294E1BB175}"
EndProject
Global
	GlobalSection(SolutionConfigurationPlatforms) = preSolution
		Debug|Any CPU = Debug|Any CPU
		Release|Any CPU = Release|Any CPU
	EndGlobalSection
	GlobalSection(ProjectConfigurationPlatforms) = postSolution
		{CE87D580-5FF2-4DE4-8C50-E0294E1BB175}.Debug|Any CPU.ActiveCfg = Debug|Any CPU
		{CE87D580-5FF2-4DE4-8C50-E0294E1BB175}.Debug|Any CPU.Build.0 = Debug|Any CPU
		{CE87D580-5FF2-4DE4-8C50-E0294E1BB175}.Release|Any CPU.ActiveCfg = Release|Any CPU
		{CE87D580-5FF2-4DE4-8C50-E0294E1BB175}.Release|Any CPU.Build.0 = Release|Any CPU
	EndGlobalSection
	GlobalSection(SolutionProperties) = preSolution
		HideSolutionNode = FALSE
	EndGlobalSection
	GlobalSection(ExtensibilityGlobals) = postSolution
		SolutionGuid = {96ED7B03-224E-4021-A9F4-AC86A0AE92AB}
	EndGlobalSection
EndGlobal
